
Microsoft Visual Studio Solution File, Format Version 12.00
# Visual Studio Version 16
VisualStudioVersion = 16.0.30128.74
MinimumVisualStudioVersion = 10.0.40219.1
Project("{FAE04EC0-301F-11D3-BF4B-00C04F79EFBC}") = "Play.Catalog.Service", "Play.Catalog.Service\Play.Catalog.Service.csproj", "{2220670A-C1A4-4BC0-AC24-63DDDF849E58}"
EndProject
Global
	GlobalSection(SolutionConfigurationPlatforms) = preSolution
		Debug|Any CPU = Debug|Any CPU
		Release|Any CPU = Release|Any CPU
	EndGlobalSection
	GlobalSection(ProjectConfigurationPlatforms) = postSolution
		{2220670A-C1A4-4BC0-AC24-63DDDF849E58}.Debug|Any CPU.ActiveCfg = Debug|Any CPU
		{2220670A-C1A4-4BC0-AC24-63DDDF849E58}.Debug|Any CPU.Build.0 = Debug|Any CPU
		{2220670A-C1A4-4BC0-AC24-63DDDF849E58}.Release|Any CPU.ActiveCfg = Release|Any CPU
		{2220670A-C1A4-4BC0-AC24-63DDDF849E58}.Release|Any CPU.Build.0 = Release|Any CPU
	EndGlobalSection
	GlobalSection(SolutionProperties) = preSolution
		HideSolutionNode = FALSE
	EndGlobalSection
	GlobalSection(ExtensibilityGlobals) = postSolution
		SolutionGuid = {D91386E1-F1C4-4BBC-A7DB-531654B31B1C}
	EndGlobalSection
EndGlobal
